// !$*UTF8*$!
{
	archiveVersion = 1;
	classes = {
	};
	objectVersion = 46;
	objects = {

/* Begin PBXBuildFile section */
		A65D713C1E7077CC003A787D /* AppDelegate.swift in Sources */ = {isa = PBXBuildFile; fileRef = A65D713B1E7077CC003A787D /* AppDelegate.swift */; };
		A65D713E1E7077CC003A787D /* ProfileViewController.swift in Sources */ = {isa = PBXBuildFile; fileRef = A65D713D1E7077CC003A787D /* ProfileViewController.swift */; };
		A65D71411E7077CC003A787D /* Main.storyboard in Resources */ = {isa = PBXBuildFile; fileRef = A65D713F1E7077CC003A787D /* Main.storyboard */; };
		A65D71431E7077CC003A787D /* Assets.xcassets in Resources */ = {isa = PBXBuildFile; fileRef = A65D71421E7077CC003A787D /* Assets.xcassets */; };
		A65D71461E7077CC003A787D /* LaunchScreen.storyboard in Resources */ = {isa = PBXBuildFile; fileRef = A65D71441E7077CC003A787D /* LaunchScreen.storyboard */; };
		A6821A511E8705BE002ECB76 /* ConversationCell.swift in Sources */ = {isa = PBXBuildFile; fileRef = A6821A501E8705BE002ECB76 /* ConversationCell.swift */; };
		A6821A571E87B914002ECB76 /* ConversationViewController.swift in Sources */ = {isa = PBXBuildFile; fileRef = A6821A561E87B914002ECB76 /* ConversationViewController.swift */; };
		A6821A591E87C2F5002ECB76 /* MessageCell.swift in Sources */ = {isa = PBXBuildFile; fileRef = A6821A581E87C2F5002ECB76 /* MessageCell.swift */; };
		A692A08E1E86FBDE0016B8DE /* ConversationsListViewController.swift in Sources */ = {isa = PBXBuildFile; fileRef = A692A08D1E86FBDE0016B8DE /* ConversationsListViewController.swift */; };
/* End PBXBuildFile section */

/* Begin PBXFileReference section */
		A65D71381E7077CC003A787D /* Tinkoff Chat.app */ = {isa = PBXFileReference; explicitFileType = wrapper.application; includeInIndex = 0; path = "Tinkoff Chat.app"; sourceTree = BUILT_PRODUCTS_DIR; };
		A65D713B1E7077CC003A787D /* AppDelegate.swift */ = {isa = PBXFileReference; lastKnownFileType = sourcecode.swift; path = AppDelegate.swift; sourceTree = "<group>"; };
		A65D713D1E7077CC003A787D /* ProfileViewController.swift */ = {isa = PBXFileReference; lastKnownFileType = sourcecode.swift; path = ProfileViewController.swift; sourceTree = "<group>"; };
		A65D71401E7077CC003A787D /* Base */ = {isa = PBXFileReference; lastKnownFileType = file.storyboard; name = Base; path = Base.lproj/Main.storyboard; sourceTree = "<group>"; };
		A65D71421E7077CC003A787D /* Assets.xcassets */ = {isa = PBXFileReference; lastKnownFileType = folder.assetcatalog; path = Assets.xcassets; sourceTree = "<group>"; };
		A65D71451E7077CC003A787D /* Base */ = {isa = PBXFileReference; lastKnownFileType = file.storyboard; name = Base; path = Base.lproj/LaunchScreen.storyboard; sourceTree = "<group>"; };
		A65D71471E7077CC003A787D /* Info.plist */ = {isa = PBXFileReference; lastKnownFileType = text.plist.xml; path = Info.plist; sourceTree = "<group>"; };
		A6821A501E8705BE002ECB76 /* ConversationCell.swift */ = {isa = PBXFileReference; fileEncoding = 4; lastKnownFileType = sourcecode.swift; path = ConversationCell.swift; sourceTree = "<group>"; };
		A6821A561E87B914002ECB76 /* ConversationViewController.swift */ = {isa = PBXFileReference; fileEncoding = 4; lastKnownFileType = sourcecode.swift; path = ConversationViewController.swift; sourceTree = "<group>"; };
		A6821A581E87C2F5002ECB76 /* MessageCell.swift */ = {isa = PBXFileReference; fileEncoding = 4; lastKnownFileType = sourcecode.swift; path = MessageCell.swift; sourceTree = "<group>"; };
		A692A08D1E86FBDE0016B8DE /* ConversationsListViewController.swift */ = {isa = PBXFileReference; fileEncoding = 4; lastKnownFileType = sourcecode.swift; path = ConversationsListViewController.swift; sourceTree = "<group>"; };
/* End PBXFileReference section */

/* Begin PBXFrameworksBuildPhase section */
		A65D71351E7077CC003A787D /* Frameworks */ = {
			isa = PBXFrameworksBuildPhase;
			buildActionMask = 2147483647;
			files = (
			);
			runOnlyForDeploymentPostprocessing = 0;
		};
/* End PBXFrameworksBuildPhase section */

/* Begin PBXGroup section */
		A65D712F1E7077CC003A787D = {
			isa = PBXGroup;
			children = (
				A65D713A1E7077CC003A787D /* Tinkoff Chat */,
				A65D71391E7077CC003A787D /* Products */,
			);
			sourceTree = "<group>";
		};
		A65D71391E7077CC003A787D /* Products */ = {
			isa = PBXGroup;
			children = (
				A65D71381E7077CC003A787D /* Tinkoff Chat.app */,
			);
			name = Products;
			sourceTree = "<group>";
		};
		A65D713A1E7077CC003A787D /* Tinkoff Chat */ = {
			isa = PBXGroup;
			children = (
				A65D713B1E7077CC003A787D /* AppDelegate.swift */,
				A65D713D1E7077CC003A787D /* ProfileViewController.swift */,
				A65D713F1E7077CC003A787D /* Main.storyboard */,
				A6821A501E8705BE002ECB76 /* ConversationCell.swift */,
				A6821A581E87C2F5002ECB76 /* MessageCell.swift */,
				A692A08D1E86FBDE0016B8DE /* ConversationsListViewController.swift */,
				A6821A561E87B914002ECB76 /* ConversationViewController.swift */,
				A65D71421E7077CC003A787D /* Assets.xcassets */,
				A65D71441E7077CC003A787D /* LaunchScreen.storyboard */,
				A65D71471E7077CC003A787D /* Info.plist */,
			);
			path = "Tinkoff Chat";
			sourceTree = "<group>";
		};
/* End PBXGroup section */

/* Begin PBXNativeTarget section */
		A65D71371E7077CC003A787D /* Tinkoff Chat */ = {
			isa = PBXNativeTarget;
			buildConfigurationList = A65D714A1E7077CC003A787D /* Build configuration list for PBXNativeTarget "Tinkoff Chat" */;
			buildPhases = (
				A65D71341E7077CC003A787D /* Sources */,
				A65D71351E7077CC003A787D /* Frameworks */,
				A65D71361E7077CC003A787D /* Resources */,
			);
			buildRules = (
			);
			dependencies = (
			);
			name = "Tinkoff Chat";
			productName = "Tinkoff Chat";
			productReference = A65D71381E7077CC003A787D /* Tinkoff Chat.app */;
			productType = "com.apple.product-type.application";
		};
/* End PBXNativeTarget section */

/* Begin PBXProject section */
		A65D71301E7077CC003A787D /* Project object */ = {
			isa = PBXProject;
			attributes = {
				LastSwiftUpdateCheck = 0820;
				LastUpgradeCheck = 0820;
				ORGANIZATIONNAME = "Mikhail Gilmutdinov";
				TargetAttributes = {
					A65D71371E7077CC003A787D = {
						CreatedOnToolsVersion = 8.2.1;
						DevelopmentTeam = A72L5K4P73;
						ProvisioningStyle = Automatic;
					};
				};
			};
			buildConfigurationList = A65D71331E7077CC003A787D /* Build configuration list for PBXProject "Tinkoff Chat" */;
			compatibilityVersion = "Xcode 3.2";
			developmentRegion = English;
			hasScannedForEncodings = 0;
			knownRegions = (
				en,
				Base,
			);
			mainGroup = A65D712F1E7077CC003A787D;
			productRefGroup = A65D71391E7077CC003A787D /* Products */;
			projectDirPath = "";
			projectRoot = "";
			targets = (
				A65D71371E7077CC003A787D /* Tinkoff Chat */,
			);
		};
/* End PBXProject section */

/* Begin PBXResourcesBuildPhase section */
		A65D71361E7077CC003A787D /* Resources */ = {
			isa = PBXResourcesBuildPhase;
			buildActionMask = 2147483647;
			files = (
				A65D71461E7077CC003A787D /* LaunchScreen.storyboard in Resources */,
				A65D71431E7077CC003A787D /* Assets.xcassets in Resources */,
				A65D71411E7077CC003A787D /* Main.storyboard in Resources */,
			);
			runOnlyForDeploymentPostprocessing = 0;
		};
/* End PBXResourcesBuildPhase section */

/* Begin PBXSourcesBuildPhase section */
		A65D71341E7077CC003A787D /* Sources */ = {
			isa = PBXSourcesBuildPhase;
			buildActionMask = 2147483647;
			files = (
				A6821A511E8705BE002ECB76 /* ConversationCell.swift in Sources */,
				A65D713E1E7077CC003A787D /* ProfileViewController.swift in Sources */,
				A6821A571E87B914002ECB76 /* ConversationViewController.swift in Sources */,
				A6821A591E87C2F5002ECB76 /* MessageCell.swift in Sources */,
				A65D713C1E7077CC003A787D /* AppDelegate.swift in Sources */,
				A692A08E1E86FBDE0016B8DE /* ConversationsListViewController.swift in Sources */,
			);
			runOnlyForDeploymentPostprocessing = 0;
		};
/* End PBXSourcesBuildPhase section */

/* Begin PBXVariantGroup section */
		A65D713F1E7077CC003A787D /* Main.storyboard */ = {
			isa = PBXVariantGroup;
			children = (
				A65D71401E7077CC003A787D /* Base */,
			);
			name = Main.storyboard;
			sourceTree = "<group>";
		};
		A65D71441E7077CC003A787D /* LaunchScreen.storyboard */ = {
			isa = PBXVariantGroup;
			children = (
				A65D71451E7077CC003A787D /* Base */,
			);
			name = LaunchScreen.storyboard;
			sourceTree = "<group>";
		};
/* End PBXVariantGroup section */

/* Begin XCBuildConfiguration section */
		A65D71481E7077CC003A787D /* Debug */ = {
			isa = XCBuildConfiguration;
			buildSettings = {
				ALWAYS_SEARCH_USER_PATHS = NO;
				CLANG_ANALYZER_NONNULL = YES;
				CLANG_CXX_LANGUAGE_STANDARD = "gnu++0x";
				CLANG_CXX_LIBRARY = "libc++";
				CLANG_ENABLE_MODULES = YES;
				CLANG_ENABLE_OBJC_ARC = YES;
				CLANG_WARN_BOOL_CONVERSION = YES;
				CLANG_WARN_CONSTANT_CONVERSION = YES;
				CLANG_WARN_DIRECT_OBJC_ISA_USAGE = YES_ERROR;
				CLANG_WARN_DOCUMENTATION_COMMENTS = YES;
				CLANG_WARN_EMPTY_BODY = YES;
				CLANG_WARN_ENUM_CONVERSION = YES;
				CLANG_WARN_INFINITE_RECURSION = YES;
				CLANG_WARN_INT_CONVERSION = YES;
				CLANG_WARN_OBJC_ROOT_CLASS = YES_ERROR;
				CLANG_WARN_SUSPICIOUS_MOVE = YES;
				CLANG_WARN_UNREACHABLE_CODE = YES;
				CLANG_WARN__DUPLICATE_METHOD_MATCH = YES;
				"CODE_SIGN_IDENTITY[sdk=iphoneos*]" = "iPhone Developer";
				COPY_PHASE_STRIP = NO;
				DEBUG_INFORMATION_FORMAT = dwarf;
				ENABLE_STRICT_OBJC_MSGSEND = YES;
				ENABLE_TESTABILITY = YES;
				GCC_C_LANGUAGE_STANDARD = gnu99;
				GCC_DYNAMIC_NO_PIC = NO;
				GCC_NO_COMMON_BLOCKS = YES;
				GCC_OPTIMIZATION_LEVEL = 0;
				GCC_PREPROCESSOR_DEFINITIONS = (
					"DEBUG=1",
					"$(inherited)",
				);
				GCC_WARN_64_TO_32_BIT_CONVERSION = YES;
				GCC_WARN_ABOUT_RETURN_TYPE = YES_ERROR;
				GCC_WARN_UNDECLARED_SELECTOR = YES;
				GCC_WARN_UNINITIALIZED_AUTOS = YES_AGGRESSIVE;
				GCC_WARN_UNUSED_FUNCTION = YES;
				GCC_WARN_UNUSED_VARIABLE = YES;
				IPHONEOS_DEPLOYMENT_TARGET = 10.2;
				MTL_ENABLE_DEBUG_INFO = YES;
				ONLY_ACTIVE_ARCH = YES;
				SDKROOT = iphoneos;
				SWIFT_ACTIVE_COMPILATION_CONDITIONS = DEBUG;
				SWIFT_OPTIMIZATION_LEVEL = "-Onone";
			};
			name = Debug;
		};
		A65D71491E7077CC003A787D /* Release */ = {
			isa = XCBuildConfiguration;
			buildSettings = {
				ALWAYS_SEARCH_USER_PATHS = NO;
				CLANG_ANALYZER_NONNULL = YES;
				CLANG_CXX_LANGUAGE_STANDARD = "gnu++0x";
				CLANG_CXX_LIBRARY = "libc++";
				CLANG_ENABLE_MODULES = YES;
				CLANG_ENABLE_OBJC_ARC = YES;
				CLANG_WARN_BOOL_CONVERSION = YES;
				CLANG_WARN_CONSTANT_CONVERSION = YES;
				CLANG_WARN_DIRECT_OBJC_ISA_USAGE = YES_ERROR;
				CLANG_WARN_DOCUMENTATION_COMMENTS = YES;
				CLANG_WARN_EMPTY_BODY = YES;
				CLANG_WARN_ENUM_CONVERSION = YES;
				CLANG_WARN_INFINITE_RECURSION = YES;
				CLANG_WARN_INT_CONVERSION = YES;
				CLANG_WARN_OBJC_ROOT_CLASS = YES_ERROR;
				CLANG_WARN_SUSPICIOUS_MOVE = YES;
				CLANG_WARN_UNREACHABLE_CODE = YES;
				CLANG_WARN__DUPLICATE_METHOD_MATCH = YES;
				"CODE_SIGN_IDENTITY[sdk=iphoneos*]" = "iPhone Developer";
				COPY_PHASE_STRIP = NO;
				DEBUG_INFORMATION_FORMAT = "dwarf-with-dsym";
				ENABLE_NS_ASSERTIONS = NO;
				ENABLE_STRICT_OBJC_MSGSEND = YES;
				GCC_C_LANGUAGE_STANDARD = gnu99;
				GCC_NO_COMMON_BLOCKS = YES;
				GCC_WARN_64_TO_32_BIT_CONVERSION = YES;
				GCC_WARN_ABOUT_RETURN_TYPE = YES_ERROR;
				GCC_WARN_UNDECLARED_SELECTOR = YES;
				GCC_WARN_UNINITIALIZED_AUTOS = YES_AGGRESSIVE;
				GCC_WARN_UNUSED_FUNCTION = YES;
				GCC_WARN_UNUSED_VARIABLE = YES;
				IPHONEOS_DEPLOYMENT_TARGET = 10.2;
				MTL_ENABLE_DEBUG_INFO = NO;
				SDKROOT = iphoneos;
				SWIFT_OPTIMIZATION_LEVEL = "-Owholemodule";
				VALIDATE_PRODUCT = YES;
			};
			name = Release;
		};
		A65D714B1E7077CC003A787D /* Debug */ = {
			isa = XCBuildConfiguration;
			buildSettings = {
				ASSETCATALOG_COMPILER_APPICON_NAME = AppIcon;
				DEVELOPMENT_TEAM = A72L5K4P73;
				INFOPLIST_FILE = "Tinkoff Chat/Info.plist";
				LD_RUNPATH_SEARCH_PATHS = "$(inherited) @executable_path/Frameworks";
				PRODUCT_BUNDLE_IDENTIFIER = "me.qoobi.Tinkoff-Chat";
				PRODUCT_NAME = "$(TARGET_NAME)";
				SWIFT_VERSION = 3.0;
			};
			name = Debug;
		};
		A65D714C1E7077CC003A787D /* Release */ = {
			isa = XCBuildConfiguration;
			buildSettings = {
				ASSETCATALOG_COMPILER_APPICON_NAME = AppIcon;
				DEVELOPMENT_TEAM = A72L5K4P73;
				INFOPLIST_FILE = "Tinkoff Chat/Info.plist";
				LD_RUNPATH_SEARCH_PATHS = "$(inherited) @executable_path/Frameworks";
				PRODUCT_BUNDLE_IDENTIFIER = "me.qoobi.Tinkoff-Chat";
				PRODUCT_NAME = "$(TARGET_NAME)";
				SWIFT_VERSION = 3.0;
			};
			name = Release;
		};
/* End XCBuildConfiguration section */

/* Begin XCConfigurationList section */
		A65D71331E7077CC003A787D /* Build configuration list for PBXProject "Tinkoff Chat" */ = {
			isa = XCConfigurationList;
			buildConfigurations = (
				A65D71481E7077CC003A787D /* Debug */,
				A65D71491E7077CC003A787D /* Release */,
			);
			defaultConfigurationIsVisible = 0;
			defaultConfigurationName = Release;
		};
		A65D714A1E7077CC003A787D /* Build configuration list for PBXNativeTarget "Tinkoff Chat" */ = {
			isa = XCConfigurationList;
			buildConfigurations = (
				A65D714B1E7077CC003A787D /* Debug */,
				A65D714C1E7077CC003A787D /* Release */,
			);
			defaultConfigurationIsVisible = 0;
			defaultConfigurationName = Release;
		};
/* End XCConfigurationList section */
	};
	rootObject = A65D71301E7077CC003A787D /* Project object */;
}
